// !$*UTF8*$!
{
	archiveVersion = 1;
	classes = {
	};
	objectVersion = 56;
	objects = {

/* Begin PBXBuildFile section */
		D8966B5F2BFC51A800CEF76A /* pokedexApp.swift in Sources */ = {isa = PBXBuildFile; fileRef = D8966B5E2BFC51A800CEF76A /* pokedexApp.swift */; };
		D8966B612BFC51A800CEF76A /* ContentView.swift in Sources */ = {isa = PBXBuildFile; fileRef = D8966B602BFC51A800CEF76A /* ContentView.swift */; };
		D8966B632BFC51A900CEF76A /* Assets.xcassets in Resources */ = {isa = PBXBuildFile; fileRef = D8966B622BFC51A900CEF76A /* Assets.xcassets */; };
		D8966B662BFC51A900CEF76A /* Preview Assets.xcassets in Resources */ = {isa = PBXBuildFile; fileRef = D8966B652BFC51A900CEF76A /* Preview Assets.xcassets */; };
		D8966B742BFC601D00CEF76A /* PokemonListView.swift in Sources */ = {isa = PBXBuildFile; fileRef = D8966B732BFC601D00CEF76A /* PokemonListView.swift */; };
		D8966B762BFC608800CEF76A /* PokemonListViewModel.swift in Sources */ = {isa = PBXBuildFile; fileRef = D8966B752BFC608800CEF76A /* PokemonListViewModel.swift */; };
		D8966B782BFC609C00CEF76A /* Pokemon.swift in Sources */ = {isa = PBXBuildFile; fileRef = D8966B772BFC609C00CEF76A /* Pokemon.swift */; };
		D8966B7A2BFC65D500CEF76A /* PokemonList.swift in Sources */ = {isa = PBXBuildFile; fileRef = D8966B792BFC65D500CEF76A /* PokemonList.swift */; };
		D8966B7C2BFC678800CEF76A /* PokemonType.swift in Sources */ = {isa = PBXBuildFile; fileRef = D8966B7B2BFC678800CEF76A /* PokemonType.swift */; };
		D8966B7E2BFC70F700CEF76A /* PokemonDetailView.swift in Sources */ = {isa = PBXBuildFile; fileRef = D8966B7D2BFC70F700CEF76A /* PokemonDetailView.swift */; };
		D8966B812BFC774D00CEF76A /* Utils.swift in Sources */ = {isa = PBXBuildFile; fileRef = D8966B802BFC774D00CEF76A /* Utils.swift */; };
		D8966B832BFC77D800CEF76A /* PokemonMove.swift in Sources */ = {isa = PBXBuildFile; fileRef = D8966B822BFC77D800CEF76A /* PokemonMove.swift */; };
		D8966B852BFC793F00CEF76A /* PokemonAbility.swift in Sources */ = {isa = PBXBuildFile; fileRef = D8966B842BFC793F00CEF76A /* PokemonAbility.swift */; };
/* End PBXBuildFile section */

/* Begin PBXFileReference section */
		D8966B5B2BFC51A800CEF76A /* pokedex.app */ = {isa = PBXFileReference; explicitFileType = wrapper.application; includeInIndex = 0; path = pokedex.app; sourceTree = BUILT_PRODUCTS_DIR; };
		D8966B5E2BFC51A800CEF76A /* pokedexApp.swift */ = {isa = PBXFileReference; lastKnownFileType = sourcecode.swift; path = pokedexApp.swift; sourceTree = "<group>"; };
		D8966B602BFC51A800CEF76A /* ContentView.swift */ = {isa = PBXFileReference; lastKnownFileType = sourcecode.swift; path = ContentView.swift; sourceTree = "<group>"; };
		D8966B622BFC51A900CEF76A /* Assets.xcassets */ = {isa = PBXFileReference; lastKnownFileType = folder.assetcatalog; path = Assets.xcassets; sourceTree = "<group>"; };
		D8966B652BFC51A900CEF76A /* Preview Assets.xcassets */ = {isa = PBXFileReference; lastKnownFileType = folder.assetcatalog; path = "Preview Assets.xcassets"; sourceTree = "<group>"; };
		D8966B732BFC601D00CEF76A /* PokemonListView.swift */ = {isa = PBXFileReference; lastKnownFileType = sourcecode.swift; path = PokemonListView.swift; sourceTree = "<group>"; };
		D8966B752BFC608800CEF76A /* PokemonListViewModel.swift */ = {isa = PBXFileReference; lastKnownFileType = sourcecode.swift; path = PokemonListViewModel.swift; sourceTree = "<group>"; };
		D8966B772BFC609C00CEF76A /* Pokemon.swift */ = {isa = PBXFileReference; lastKnownFileType = sourcecode.swift; path = Pokemon.swift; sourceTree = "<group>"; };
		D8966B792BFC65D500CEF76A /* PokemonList.swift */ = {isa = PBXFileReference; lastKnownFileType = sourcecode.swift; path = PokemonList.swift; sourceTree = "<group>"; };
		D8966B7B2BFC678800CEF76A /* PokemonType.swift */ = {isa = PBXFileReference; lastKnownFileType = sourcecode.swift; path = PokemonType.swift; sourceTree = "<group>"; };
		D8966B7D2BFC70F700CEF76A /* PokemonDetailView.swift */ = {isa = PBXFileReference; lastKnownFileType = sourcecode.swift; path = PokemonDetailView.swift; sourceTree = "<group>"; };
		D8966B802BFC774D00CEF76A /* Utils.swift */ = {isa = PBXFileReference; lastKnownFileType = sourcecode.swift; path = Utils.swift; sourceTree = "<group>"; };
		D8966B822BFC77D800CEF76A /* PokemonMove.swift */ = {isa = PBXFileReference; lastKnownFileType = sourcecode.swift; path = PokemonMove.swift; sourceTree = "<group>"; };
		D8966B842BFC793F00CEF76A /* PokemonAbility.swift */ = {isa = PBXFileReference; lastKnownFileType = sourcecode.swift; path = PokemonAbility.swift; sourceTree = "<group>"; };
/* End PBXFileReference section */

/* Begin PBXFrameworksBuildPhase section */
		D8966B582BFC51A800CEF76A /* Frameworks */ = {
			isa = PBXFrameworksBuildPhase;
			buildActionMask = 2147483647;
			files = (
			);
			runOnlyForDeploymentPostprocessing = 0;
		};
/* End PBXFrameworksBuildPhase section */

/* Begin PBXGroup section */
		D8966B522BFC51A800CEF76A = {
			isa = PBXGroup;
			children = (
				D8966B5D2BFC51A800CEF76A /* pokedex */,
				D8966B5C2BFC51A800CEF76A /* Products */,
			);
			sourceTree = "<group>";
		};
		D8966B5C2BFC51A800CEF76A /* Products */ = {
			isa = PBXGroup;
			children = (
				D8966B5B2BFC51A800CEF76A /* pokedex.app */,
			);
			name = Products;
			sourceTree = "<group>";
		};
		D8966B5D2BFC51A800CEF76A /* pokedex */ = {
			isa = PBXGroup;
			children = (
				D8966B712BFC538F00CEF76A /* Core */,
				D8966B6F2BFC532F00CEF76A /* Presentation */,
				D8966B5E2BFC51A800CEF76A /* pokedexApp.swift */,
				D8966B602BFC51A800CEF76A /* ContentView.swift */,
				D8966B622BFC51A900CEF76A /* Assets.xcassets */,
				D8966B642BFC51A900CEF76A /* Preview Content */,
			);
			path = pokedex;
			sourceTree = "<group>";
		};
		D8966B642BFC51A900CEF76A /* Preview Content */ = {
			isa = PBXGroup;
			children = (
				D8966B652BFC51A900CEF76A /* Preview Assets.xcassets */,
			);
			path = "Preview Content";
			sourceTree = "<group>";
		};
		D8966B6C2BFC526E00CEF76A /* Views */ = {
			isa = PBXGroup;
			children = (
				D8966B732BFC601D00CEF76A /* PokemonListView.swift */,
				D8966B7D2BFC70F700CEF76A /* PokemonDetailView.swift */,
			);
			path = Views;
			sourceTree = "<group>";
		};
		D8966B6D2BFC527200CEF76A /* ViewModels */ = {
			isa = PBXGroup;
			children = (
				D8966B752BFC608800CEF76A /* PokemonListViewModel.swift */,
			);
			path = ViewModels;
			sourceTree = "<group>";
		};
		D8966B6F2BFC532F00CEF76A /* Presentation */ = {
			isa = PBXGroup;
			children = (
				D8966B6C2BFC526E00CEF76A /* Views */,
				D8966B6D2BFC527200CEF76A /* ViewModels */,
			);
			path = Presentation;
			sourceTree = "<group>";
		};
		D8966B702BFC533D00CEF76A /* Entities */ = {
			isa = PBXGroup;
			children = (
				D8966B772BFC609C00CEF76A /* Pokemon.swift */,
				D8966B792BFC65D500CEF76A /* PokemonList.swift */,
				D8966B7B2BFC678800CEF76A /* PokemonType.swift */,
				D8966B822BFC77D800CEF76A /* PokemonMove.swift */,
				D8966B842BFC793F00CEF76A /* PokemonAbility.swift */,
			);
			path = Entities;
			sourceTree = "<group>";
		};
		D8966B712BFC538F00CEF76A /* Core */ = {
			isa = PBXGroup;
			children = (
				D8966B7F2BFC774000CEF76A /* Utils */,
				D8966B722BFC539A00CEF76A /* Services */,
				D8966B702BFC533D00CEF76A /* Entities */,
			);
			path = Core;
			sourceTree = "<group>";
		};
		D8966B722BFC539A00CEF76A /* Services */ = {
			isa = PBXGroup;
			children = (
			);
			path = Services;
			sourceTree = "<group>";
		};
		D8966B7F2BFC774000CEF76A /* Utils */ = {
			isa = PBXGroup;
			children = (
				D8966B802BFC774D00CEF76A /* Utils.swift */,
			);
			path = Utils;
			sourceTree = "<group>";
		};
/* End PBXGroup section */

/* Begin PBXNativeTarget section */
		D8966B5A2BFC51A800CEF76A /* pokedex */ = {
			isa = PBXNativeTarget;
			buildConfigurationList = D8966B692BFC51A900CEF76A /* Build configuration list for PBXNativeTarget "pokedex" */;
			buildPhases = (
				D8966B572BFC51A800CEF76A /* Sources */,
				D8966B582BFC51A800CEF76A /* Frameworks */,
				D8966B592BFC51A800CEF76A /* Resources */,
			);
			buildRules = (
			);
			dependencies = (
			);
			name = pokedex;
			productName = pokedex;
			productReference = D8966B5B2BFC51A800CEF76A /* pokedex.app */;
			productType = "com.apple.product-type.application";
		};
/* End PBXNativeTarget section */

/* Begin PBXProject section */
		D8966B532BFC51A800CEF76A /* Project object */ = {
			isa = PBXProject;
			attributes = {
				BuildIndependentTargetsInParallel = 1;
				LastSwiftUpdateCheck = 1540;
				LastUpgradeCheck = 1540;
				TargetAttributes = {
					D8966B5A2BFC51A800CEF76A = {
						CreatedOnToolsVersion = 15.4;
					};
				};
			};
			buildConfigurationList = D8966B562BFC51A800CEF76A /* Build configuration list for PBXProject "pokedex" */;
			compatibilityVersion = "Xcode 14.0";
			developmentRegion = en;
			hasScannedForEncodings = 0;
			knownRegions = (
				en,
				Base,
			);
			mainGroup = D8966B522BFC51A800CEF76A;
			productRefGroup = D8966B5C2BFC51A800CEF76A /* Products */;
			projectDirPath = "";
			projectRoot = "";
			targets = (
				D8966B5A2BFC51A800CEF76A /* pokedex */,
			);
		};
/* End PBXProject section */

/* Begin PBXResourcesBuildPhase section */
		D8966B592BFC51A800CEF76A /* Resources */ = {
			isa = PBXResourcesBuildPhase;
			buildActionMask = 2147483647;
			files = (
				D8966B662BFC51A900CEF76A /* Preview Assets.xcassets in Resources */,
				D8966B632BFC51A900CEF76A /* Assets.xcassets in Resources */,
			);
			runOnlyForDeploymentPostprocessing = 0;
		};
/* End PBXResourcesBuildPhase section */

/* Begin PBXSourcesBuildPhase section */
		D8966B572BFC51A800CEF76A /* Sources */ = {
			isa = PBXSourcesBuildPhase;
			buildActionMask = 2147483647;
			files = (
				D8966B782BFC609C00CEF76A /* Pokemon.swift in Sources */,
				D8966B7E2BFC70F700CEF76A /* PokemonDetailView.swift in Sources */,
				D8966B812BFC774D00CEF76A /* Utils.swift in Sources */,
				D8966B612BFC51A800CEF76A /* ContentView.swift in Sources */,
				D8966B832BFC77D800CEF76A /* PokemonMove.swift in Sources */,
				D8966B742BFC601D00CEF76A /* PokemonListView.swift in Sources */,
				D8966B762BFC608800CEF76A /* PokemonListViewModel.swift in Sources */,
				D8966B7C2BFC678800CEF76A /* PokemonType.swift in Sources */,
				D8966B5F2BFC51A800CEF76A /* pokedexApp.swift in Sources */,
				D8966B852BFC793F00CEF76A /* PokemonAbility.swift in Sources */,
				D8966B7A2BFC65D500CEF76A /* PokemonList.swift in Sources */,
			);
			runOnlyForDeploymentPostprocessing = 0;
		};
/* End PBXSourcesBuildPhase section */

/* Begin XCBuildConfiguration section */
		D8966B672BFC51A900CEF76A /* Debug */ = {
			isa = XCBuildConfiguration;
			buildSettings = {
				ALWAYS_SEARCH_USER_PATHS = NO;
				ASSETCATALOG_COMPILER_GENERATE_SWIFT_ASSET_SYMBOL_EXTENSIONS = YES;
				CLANG_ANALYZER_NONNULL = YES;
				CLANG_ANALYZER_NUMBER_OBJECT_CONVERSION = YES_AGGRESSIVE;
				CLANG_CXX_LANGUAGE_STANDARD = "gnu++20";
				CLANG_ENABLE_MODULES = YES;
				CLANG_ENABLE_OBJC_ARC = YES;
				CLANG_ENABLE_OBJC_WEAK = YES;
				CLANG_WARN_BLOCK_CAPTURE_AUTORELEASING = YES;
				CLANG_WARN_BOOL_CONVERSION = YES;
				CLANG_WARN_COMMA = YES;
				CLANG_WARN_CONSTANT_CONVERSION = YES;
				CLANG_WARN_DEPRECATED_OBJC_IMPLEMENTATIONS = YES;
				CLANG_WARN_DIRECT_OBJC_ISA_USAGE = YES_ERROR;
				CLANG_WARN_DOCUMENTATION_COMMENTS = YES;
				CLANG_WARN_EMPTY_BODY = YES;
				CLANG_WARN_ENUM_CONVERSION = YES;
				CLANG_WARN_INFINITE_RECURSION = YES;
				CLANG_WARN_INT_CONVERSION = YES;
				CLANG_WARN_NON_LITERAL_NULL_CONVERSION = YES;
				CLANG_WARN_OBJC_IMPLICIT_RETAIN_SELF = YES;
				CLANG_WARN_OBJC_LITERAL_CONVERSION = YES;
				CLANG_WARN_OBJC_ROOT_CLASS = YES_ERROR;
				CLANG_WARN_QUOTED_INCLUDE_IN_FRAMEWORK_HEADER = YES;
				CLANG_WARN_RANGE_LOOP_ANALYSIS = YES;
				CLANG_WARN_STRICT_PROTOTYPES = YES;
				CLANG_WARN_SUSPICIOUS_MOVE = YES;
				CLANG_WARN_UNGUARDED_AVAILABILITY = YES_AGGRESSIVE;
				CLANG_WARN_UNREACHABLE_CODE = YES;
				CLANG_WARN__DUPLICATE_METHOD_MATCH = YES;
				COPY_PHASE_STRIP = NO;
				DEBUG_INFORMATION_FORMAT = dwarf;
				ENABLE_STRICT_OBJC_MSGSEND = YES;
				ENABLE_TESTABILITY = YES;
				ENABLE_USER_SCRIPT_SANDBOXING = YES;
				GCC_C_LANGUAGE_STANDARD = gnu17;
				GCC_DYNAMIC_NO_PIC = NO;
				GCC_NO_COMMON_BLOCKS = YES;
				GCC_OPTIMIZATION_LEVEL = 0;
				GCC_PREPROCESSOR_DEFINITIONS = (
					"DEBUG=1",
					"$(inherited)",
				);
				GCC_WARN_64_TO_32_BIT_CONVERSION = YES;
				GCC_WARN_ABOUT_RETURN_TYPE = YES_ERROR;
				GCC_WARN_UNDECLARED_SELECTOR = YES;
				GCC_WARN_UNINITIALIZED_AUTOS = YES_AGGRESSIVE;
				GCC_WARN_UNUSED_FUNCTION = YES;
				GCC_WARN_UNUSED_VARIABLE = YES;
				IPHONEOS_DEPLOYMENT_TARGET = 17.5;
				LOCALIZATION_PREFERS_STRING_CATALOGS = YES;
				MTL_ENABLE_DEBUG_INFO = INCLUDE_SOURCE;
				MTL_FAST_MATH = YES;
				ONLY_ACTIVE_ARCH = YES;
				SDKROOT = iphoneos;
				SWIFT_ACTIVE_COMPILATION_CONDITIONS = "DEBUG $(inherited)";
				SWIFT_OPTIMIZATION_LEVEL = "-Onone";
			};
			name = Debug;
		};
		D8966B682BFC51A900CEF76A /* Release */ = {
			isa = XCBuildConfiguration;
			buildSettings = {
				ALWAYS_SEARCH_USER_PATHS = NO;
				ASSETCATALOG_COMPILER_GENERATE_SWIFT_ASSET_SYMBOL_EXTENSIONS = YES;
				CLANG_ANALYZER_NONNULL = YES;
				CLANG_ANALYZER_NUMBER_OBJECT_CONVERSION = YES_AGGRESSIVE;
				CLANG_CXX_LANGUAGE_STANDARD = "gnu++20";
				CLANG_ENABLE_MODULES = YES;
				CLANG_ENABLE_OBJC_ARC = YES;
				CLANG_ENABLE_OBJC_WEAK = YES;
				CLANG_WARN_BLOCK_CAPTURE_AUTORELEASING = YES;
				CLANG_WARN_BOOL_CONVERSION = YES;
				CLANG_WARN_COMMA = YES;
				CLANG_WARN_CONSTANT_CONVERSION = YES;
				CLANG_WARN_DEPRECATED_OBJC_IMPLEMENTATIONS = YES;
				CLANG_WARN_DIRECT_OBJC_ISA_USAGE = YES_ERROR;
				CLANG_WARN_DOCUMENTATION_COMMENTS = YES;
				CLANG_WARN_EMPTY_BODY = YES;
				CLANG_WARN_ENUM_CONVERSION = YES;
				CLANG_WARN_INFINITE_RECURSION = YES;
				CLANG_WARN_INT_CONVERSION = YES;
				CLANG_WARN_NON_LITERAL_NULL_CONVERSION = YES;
				CLANG_WARN_OBJC_IMPLICIT_RETAIN_SELF = YES;
				CLANG_WARN_OBJC_LITERAL_CONVERSION = YES;
				CLANG_WARN_OBJC_ROOT_CLASS = YES_ERROR;
				CLANG_WARN_QUOTED_INCLUDE_IN_FRAMEWORK_HEADER = YES;
				CLANG_WARN_RANGE_LOOP_ANALYSIS = YES;
				CLANG_WARN_STRICT_PROTOTYPES = YES;
				CLANG_WARN_SUSPICIOUS_MOVE = YES;
				CLANG_WARN_UNGUARDED_AVAILABILITY = YES_AGGRESSIVE;
				CLANG_WARN_UNREACHABLE_CODE = YES;
				CLANG_WARN__DUPLICATE_METHOD_MATCH = YES;
				COPY_PHASE_STRIP = NO;
				DEBUG_INFORMATION_FORMAT = "dwarf-with-dsym";
				ENABLE_NS_ASSERTIONS = NO;
				ENABLE_STRICT_OBJC_MSGSEND = YES;
				ENABLE_USER_SCRIPT_SANDBOXING = YES;
				GCC_C_LANGUAGE_STANDARD = gnu17;
				GCC_NO_COMMON_BLOCKS = YES;
				GCC_WARN_64_TO_32_BIT_CONVERSION = YES;
				GCC_WARN_ABOUT_RETURN_TYPE = YES_ERROR;
				GCC_WARN_UNDECLARED_SELECTOR = YES;
				GCC_WARN_UNINITIALIZED_AUTOS = YES_AGGRESSIVE;
				GCC_WARN_UNUSED_FUNCTION = YES;
				GCC_WARN_UNUSED_VARIABLE = YES;
				IPHONEOS_DEPLOYMENT_TARGET = 17.5;
				LOCALIZATION_PREFERS_STRING_CATALOGS = YES;
				MTL_ENABLE_DEBUG_INFO = NO;
				MTL_FAST_MATH = YES;
				SDKROOT = iphoneos;
				SWIFT_COMPILATION_MODE = wholemodule;
				VALIDATE_PRODUCT = YES;
			};
			name = Release;
		};
		D8966B6A2BFC51A900CEF76A /* Debug */ = {
			isa = XCBuildConfiguration;
			buildSettings = {
				ASSETCATALOG_COMPILER_APPICON_NAME = AppIcon;
				ASSETCATALOG_COMPILER_GLOBAL_ACCENT_COLOR_NAME = AccentColor;
				CODE_SIGN_STYLE = Automatic;
				CURRENT_PROJECT_VERSION = 1;
				DEVELOPMENT_ASSET_PATHS = "\"pokedex/Preview Content\"";
				DEVELOPMENT_TEAM = MH2BSYHQQX;
				ENABLE_PREVIEWS = YES;
				GENERATE_INFOPLIST_FILE = YES;
				INFOPLIST_KEY_UIApplicationSceneManifest_Generation = YES;
				INFOPLIST_KEY_UIApplicationSupportsIndirectInputEvents = YES;
				INFOPLIST_KEY_UILaunchScreen_Generation = YES;
				INFOPLIST_KEY_UISupportedInterfaceOrientations_iPad = "UIInterfaceOrientationPortrait UIInterfaceOrientationPortraitUpsideDown UIInterfaceOrientationLandscapeLeft UIInterfaceOrientationLandscapeRight";
				INFOPLIST_KEY_UISupportedInterfaceOrientations_iPhone = "UIInterfaceOrientationPortrait UIInterfaceOrientationLandscapeLeft UIInterfaceOrientationLandscapeRight";
				IPHONEOS_DEPLOYMENT_TARGET = 17.4;
				LD_RUNPATH_SEARCH_PATHS = (
					"$(inherited)",
					"@executable_path/Frameworks",
				);
				MARKETING_VERSION = 1.0;
				PRODUCT_BUNDLE_IDENTIFIER = me.Dallian.Kevin.pokedex;
				PRODUCT_NAME = "$(TARGET_NAME)";
				SWIFT_EMIT_LOC_STRINGS = YES;
				SWIFT_VERSION = 5.0;
				TARGETED_DEVICE_FAMILY = "1,2";
			};
			name = Debug;
		};
		D8966B6B2BFC51A900CEF76A /* Release */ = {
			isa = XCBuildConfiguration;
			buildSettings = {
				ASSETCATALOG_COMPILER_APPICON_NAME = AppIcon;
				ASSETCATALOG_COMPILER_GLOBAL_ACCENT_COLOR_NAME = AccentColor;
				CODE_SIGN_STYLE = Automatic;
				CURRENT_PROJECT_VERSION = 1;
				DEVELOPMENT_ASSET_PATHS = "\"pokedex/Preview Content\"";
				DEVELOPMENT_TEAM = MH2BSYHQQX;
				ENABLE_PREVIEWS = YES;
				GENERATE_INFOPLIST_FILE = YES;
				INFOPLIST_KEY_UIApplicationSceneManifest_Generation = YES;
				INFOPLIST_KEY_UIApplicationSupportsIndirectInputEvents = YES;
				INFOPLIST_KEY_UILaunchScreen_Generation = YES;
				INFOPLIST_KEY_UISupportedInterfaceOrientations_iPad = "UIInterfaceOrientationPortrait UIInterfaceOrientationPortraitUpsideDown UIInterfaceOrientationLandscapeLeft UIInterfaceOrientationLandscapeRight";
				INFOPLIST_KEY_UISupportedInterfaceOrientations_iPhone = "UIInterfaceOrientationPortrait UIInterfaceOrientationLandscapeLeft UIInterfaceOrientationLandscapeRight";
				IPHONEOS_DEPLOYMENT_TARGET = 17.4;
				LD_RUNPATH_SEARCH_PATHS = (
					"$(inherited)",
					"@executable_path/Frameworks",
				);
				MARKETING_VERSION = 1.0;
				PRODUCT_BUNDLE_IDENTIFIER = me.Dallian.Kevin.pokedex;
				PRODUCT_NAME = "$(TARGET_NAME)";
				SWIFT_EMIT_LOC_STRINGS = YES;
				SWIFT_VERSION = 5.0;
				TARGETED_DEVICE_FAMILY = "1,2";
			};
			name = Release;
		};
/* End XCBuildConfiguration section */

/* Begin XCConfigurationList section */
		D8966B562BFC51A800CEF76A /* Build configuration list for PBXProject "pokedex" */ = {
			isa = XCConfigurationList;
			buildConfigurations = (
				D8966B672BFC51A900CEF76A /* Debug */,
				D8966B682BFC51A900CEF76A /* Release */,
			);
			defaultConfigurationIsVisible = 0;
			defaultConfigurationName = Release;
		};
		D8966B692BFC51A900CEF76A /* Build configuration list for PBXNativeTarget "pokedex" */ = {
			isa = XCConfigurationList;
			buildConfigurations = (
				D8966B6A2BFC51A900CEF76A /* Debug */,
				D8966B6B2BFC51A900CEF76A /* Release */,
			);
			defaultConfigurationIsVisible = 0;
			defaultConfigurationName = Release;
		};
/* End XCConfigurationList section */
	};
	rootObject = D8966B532BFC51A800CEF76A /* Project object */;
}
